
Microsoft Visual Studio Solution File, Format Version 12.00
# Visual Studio Version 17
VisualStudioVersion = 17.6.33620.401
MinimumVisualStudioVersion = 10.0.40219.1
Project("{FAE04EC0-301F-11D3-BF4B-00C04F79EFBC}") = "BookMvcWeb", "BookMvcWeb\BookMvcWeb.csproj", "{39BE2CD4-08D8-424F-9002-243E1C8035EB}"
EndProject
Global
	GlobalSection(SolutionConfigurationPlatforms) = preSolution
		Debug|Any CPU = Debug|Any CPU
		Release|Any CPU = Release|Any CPU
	EndGlobalSection
	GlobalSection(ProjectConfigurationPlatforms) = postSolution
		{39BE2CD4-08D8-424F-9002-243E1C8035EB}.Debug|Any CPU.ActiveCfg = Debug|Any CPU
		{39BE2CD4-08D8-424F-9002-243E1C8035EB}.Debug|Any CPU.Build.0 = Debug|Any CPU
		{39BE2CD4-08D8-424F-9002-243E1C8035EB}.Release|Any CPU.ActiveCfg = Release|Any CPU
		{39BE2CD4-08D8-424F-9002-243E1C8035EB}.Release|Any CPU.Build.0 = Release|Any CPU
	EndGlobalSection
	GlobalSection(SolutionProperties) = preSolution
		HideSolutionNode = FALSE
	EndGlobalSection
	GlobalSection(ExtensibilityGlobals) = postSolution
		SolutionGuid = {6F2A89EA-16F8-4D6A-B2D6-354F390BAC9C}
	EndGlobalSection
EndGlobal
